
Microsoft Visual Studio Solution File, Format Version 12.00
# Visual Studio Version 17
VisualStudioVersion = 17.1.32228.430
MinimumVisualStudioVersion = 10.0.40219.1
Project("{FAE04EC0-301F-11D3-BF4B-00C04F79EFBC}") = "App Projekt", "App Projekt\App Projekt.csproj", "{32E6E84E-9C0E-4C47-83DE-0542A40F9B1F}"
EndProject
Global
	GlobalSection(SolutionConfigurationPlatforms) = preSolution
		Debug|Any CPU = Debug|Any CPU
		Release|Any CPU = Release|Any CPU
	EndGlobalSection
	GlobalSection(ProjectConfigurationPlatforms) = postSolution
		{32E6E84E-9C0E-4C47-83DE-0542A40F9B1F}.Debug|Any CPU.ActiveCfg = Debug|Any CPU
		{32E6E84E-9C0E-4C47-83DE-0542A40F9B1F}.Debug|Any CPU.Build.0 = Debug|Any CPU
		{32E6E84E-9C0E-4C47-83DE-0542A40F9B1F}.Release|Any CPU.ActiveCfg = Release|Any CPU
		{32E6E84E-9C0E-4C47-83DE-0542A40F9B1F}.Release|Any CPU.Build.0 = Release|Any CPU
	EndGlobalSection
	GlobalSection(SolutionProperties) = preSolution
		HideSolutionNode = FALSE
	EndGlobalSection
	GlobalSection(ExtensibilityGlobals) = postSolution
		SolutionGuid = {DA5E1A95-2E4A-4048-BFAF-6A5A82BBEF0F}
	EndGlobalSection
EndGlobal
